
Microsoft Visual Studio Solution File, Format Version 12.00
# Visual Studio 15
Project("{FAE04EC0-301F-11D3-BF4B-00C04F79EFBC}") = "UnityEngine.UI", "UnityEngine.UI.csproj", "{7EF47BC5-DAE7-4133-6D7E-8FBB1EA9EA74}"
EndProject
Project("{FAE04EC0-301F-11D3-BF4B-00C04F79EFBC}") = "Unity.RenderPipelines.Core.Runtime", "Unity.RenderPipelines.Core.Runtime.csproj", "{F08E841B-1963-C616-D21A-F23AB79308AC}"
EndProject
Project("{FAE04EC0-301F-11D3-BF4B-00C04F79EFBC}") = "Unity.RenderPipelines.Universal.Runtime", "Unity.RenderPipelines.Universal.Runtime.csproj", "{6D1A2925-E3C2-5FDB-E8CD-071048FD3B2F}"
EndProject
Project("{FAE04EC0-301F-11D3-BF4B-00C04F79EFBC}") = "Unity.RenderPipeline.Universal.ShaderLibrary", "Unity.RenderPipeline.Universal.ShaderLibrary.csproj", "{EEB457FC-A74A-3443-4B94-36E85B5F4EAA}"
EndProject
Project("{FAE04EC0-301F-11D3-BF4B-00C04F79EFBC}") = "Assembly-CSharp", "Assembly-CSharp.csproj", "{A2F14DC2-0A06-B604-3FA7-590B81C9721B}"
EndProject
Project("{FAE04EC0-301F-11D3-BF4B-00C04F79EFBC}") = "Unity.RenderPipelines.Core.ShaderLibrary", "Unity.RenderPipelines.Core.ShaderLibrary.csproj", "{7BA6AAE7-7B86-E173-045A-6DA2C3EFDFED}"
EndProject
Project("{FAE04EC0-301F-11D3-BF4B-00C04F79EFBC}") = "Unity.RenderPipelines.Universal.Shaders", "Unity.RenderPipelines.Universal.Shaders.csproj", "{0290AACC-2501-2017-5AB5-32B8A55DBE7B}"
EndProject
Project("{FAE04EC0-301F-11D3-BF4B-00C04F79EFBC}") = "Unity.RenderPipelines.ShaderGraph.ShaderGraphLibrary", "Unity.RenderPipelines.ShaderGraph.ShaderGraphLibrary.csproj", "{05F55659-9D3E-3FFE-B3FD-F4E903EC2F7D}"
EndProject
Project("{FAE04EC0-301F-11D3-BF4B-00C04F79EFBC}") = "Unity.ShaderGraph.Editor", "Unity.ShaderGraph.Editor.csproj", "{27C10C4C-15D4-6B36-C423-F0D501E6ECA3}"
EndProject
Project("{FAE04EC0-301F-11D3-BF4B-00C04F79EFBC}") = "Unity.RenderPipelines.Universal.Editor", "Unity.RenderPipelines.Universal.Editor.csproj", "{2AADAD1B-4EC1-A51B-F264-48DEDFF6EB21}"
EndProject
Project("{FAE04EC0-301F-11D3-BF4B-00C04F79EFBC}") = "Unity.RenderPipelines.Core.Editor", "Unity.RenderPipelines.Core.Editor.csproj", "{9F72EFDB-B539-CEA1-86B2-E3E4793037F0}"
EndProject
Project("{FAE04EC0-301F-11D3-BF4B-00C04F79EFBC}") = "UnityEditor.UI", "UnityEditor.UI.csproj", "{677DA31F-A556-2E91-DCB7-9809C07BB1E4}"
EndProject
Project("{FAE04EC0-301F-11D3-BF4B-00C04F79EFBC}") = "PPv2URPConverters", "PPv2URPConverters.csproj", "{CEAC5E76-11C7-863A-22DF-35676503A572}"
EndProject
Project("{FAE04EC0-301F-11D3-BF4B-00C04F79EFBC}") = "Assembly-CSharp-Editor", "Assembly-CSharp-Editor.csproj", "{7E912038-8037-2483-4819-1DB61E4CF39E}"
EndProject
Project("{FAE04EC0-301F-11D3-BF4B-00C04F79EFBC}") = "Unity.ShaderGraph.Utilities", "Unity.ShaderGraph.Utilities.csproj", "{8A40D85D-C066-563C-3761-F8280DF29685}"
EndProject
Global
	GlobalSection(SolutionConfigurationPlatforms) = preSolution
		Debug|Any CPU = Debug|Any CPU
		Release|Any CPU = Release|Any CPU
	EndGlobalSection
	GlobalSection(ProjectConfigurationPlatforms) = postSolution
		{7EF47BC5-DAE7-4133-6D7E-8FBB1EA9EA74}.Debug|Any CPU.ActiveCfg = Debug|Any CPU
		{7EF47BC5-DAE7-4133-6D7E-8FBB1EA9EA74}.Debug|Any CPU.Build.0 = Debug|Any CPU
		{7EF47BC5-DAE7-4133-6D7E-8FBB1EA9EA74}.Release|Any CPU.ActiveCfg = Release|Any CPU
		{7EF47BC5-DAE7-4133-6D7E-8FBB1EA9EA74}.Release|Any CPU.Build.0 = Release|Any CPU
		{F08E841B-1963-C616-D21A-F23AB79308AC}.Debug|Any CPU.ActiveCfg = Debug|Any CPU
		{F08E841B-1963-C616-D21A-F23AB79308AC}.Debug|Any CPU.Build.0 = Debug|Any CPU
		{F08E841B-1963-C616-D21A-F23AB79308AC}.Release|Any CPU.ActiveCfg = Release|Any CPU
		{F08E841B-1963-C616-D21A-F23AB79308AC}.Release|Any CPU.Build.0 = Release|Any CPU
		{6D1A2925-E3C2-5FDB-E8CD-071048FD3B2F}.Debug|Any CPU.ActiveCfg = Debug|Any CPU
		{6D1A2925-E3C2-5FDB-E8CD-071048FD3B2F}.Debug|Any CPU.Build.0 = Debug|Any CPU
		{6D1A2925-E3C2-5FDB-E8CD-071048FD3B2F}.Release|Any CPU.ActiveCfg = Release|Any CPU
		{6D1A2925-E3C2-5FDB-E8CD-071048FD3B2F}.Release|Any CPU.Build.0 = Release|Any CPU
		{EEB457FC-A74A-3443-4B94-36E85B5F4EAA}.Debug|Any CPU.ActiveCfg = Debug|Any CPU
		{EEB457FC-A74A-3443-4B94-36E85B5F4EAA}.Debug|Any CPU.Build.0 = Debug|Any CPU
		{EEB457FC-A74A-3443-4B94-36E85B5F4EAA}.Release|Any CPU.ActiveCfg = Release|Any CPU
		{EEB457FC-A74A-3443-4B94-36E85B5F4EAA}.Release|Any CPU.Build.0 = Release|Any CPU
		{A2F14DC2-0A06-B604-3FA7-590B81C9721B}.Debug|Any CPU.ActiveCfg = Debug|Any CPU
		{A2F14DC2-0A06-B604-3FA7-590B81C9721B}.Debug|Any CPU.Build.0 = Debug|Any CPU
		{A2F14DC2-0A06-B604-3FA7-590B81C9721B}.Release|Any CPU.ActiveCfg = Release|Any CPU
		{A2F14DC2-0A06-B604-3FA7-590B81C9721B}.Release|Any CPU.Build.0 = Release|Any CPU
		{7BA6AAE7-7B86-E173-045A-6DA2C3EFDFED}.Debug|Any CPU.ActiveCfg = Debug|Any CPU
		{7BA6AAE7-7B86-E173-045A-6DA2C3EFDFED}.Debug|Any CPU.Build.0 = Debug|Any CPU
		{7BA6AAE7-7B86-E173-045A-6DA2C3EFDFED}.Release|Any CPU.ActiveCfg = Release|Any CPU
		{7BA6AAE7-7B86-E173-045A-6DA2C3EFDFED}.Release|Any CPU.Build.0 = Release|Any CPU
		{0290AACC-2501-2017-5AB5-32B8A55DBE7B}.Debug|Any CPU.ActiveCfg = Debug|Any CPU
		{0290AACC-2501-2017-5AB5-32B8A55DBE7B}.Debug|Any CPU.Build.0 = Debug|Any CPU
		{0290AACC-2501-2017-5AB5-32B8A55DBE7B}.Release|Any CPU.ActiveCfg = Release|Any CPU
		{0290AACC-2501-2017-5AB5-32B8A55DBE7B}.Release|Any CPU.Build.0 = Release|Any CPU
		{05F55659-9D3E-3FFE-B3FD-F4E903EC2F7D}.Debug|Any CPU.ActiveCfg = Debug|Any CPU
		{05F55659-9D3E-3FFE-B3FD-F4E903EC2F7D}.Debug|Any CPU.Build.0 = Debug|Any CPU
		{05F55659-9D3E-3FFE-B3FD-F4E903EC2F7D}.Release|Any CPU.ActiveCfg = Release|Any CPU
		{05F55659-9D3E-3FFE-B3FD-F4E903EC2F7D}.Release|Any CPU.Build.0 = Release|Any CPU
		{27C10C4C-15D4-6B36-C423-F0D501E6ECA3}.Debug|Any CPU.ActiveCfg = Debug|Any CPU
		{27C10C4C-15D4-6B36-C423-F0D501E6ECA3}.Debug|Any CPU.Build.0 = Debug|Any CPU
		{27C10C4C-15D4-6B36-C423-F0D501E6ECA3}.Release|Any CPU.ActiveCfg = Release|Any CPU
		{27C10C4C-15D4-6B36-C423-F0D501E6ECA3}.Release|Any CPU.Build.0 = Release|Any CPU
		{2AADAD1B-4EC1-A51B-F264-48DEDFF6EB21}.Debug|Any CPU.ActiveCfg = Debug|Any CPU
		{2AADAD1B-4EC1-A51B-F264-48DEDFF6EB21}.Debug|Any CPU.Build.0 = Debug|Any CPU
		{2AADAD1B-4EC1-A51B-F264-48DEDFF6EB21}.Release|Any CPU.ActiveCfg = Release|Any CPU
		{2AADAD1B-4EC1-A51B-F264-48DEDFF6EB21}.Release|Any CPU.Build.0 = Release|Any CPU
		{9F72EFDB-B539-CEA1-86B2-E3E4793037F0}.Debug|Any CPU.ActiveCfg = Debug|Any CPU
		{9F72EFDB-B539-CEA1-86B2-E3E4793037F0}.Debug|Any CPU.Build.0 = Debug|Any CPU
		{9F72EFDB-B539-CEA1-86B2-E3E4793037F0}.Release|Any CPU.ActiveCfg = Release|Any CPU
		{9F72EFDB-B539-CEA1-86B2-E3E4793037F0}.Release|Any CPU.Build.0 = Release|Any CPU
		{677DA31F-A556-2E91-DCB7-9809C07BB1E4}.Debug|Any CPU.ActiveCfg = Debug|Any CPU
		{677DA31F-A556-2E91-DCB7-9809C07BB1E4}.Debug|Any CPU.Build.0 = Debug|Any CPU
		{677DA31F-A556-2E91-DCB7-9809C07BB1E4}.Release|Any CPU.ActiveCfg = Release|Any CPU
		{677DA31F-A556-2E91-DCB7-9809C07BB1E4}.Release|Any CPU.Build.0 = Release|Any CPU
		{CEAC5E76-11C7-863A-22DF-35676503A572}.Debug|Any CPU.ActiveCfg = Debug|Any CPU
		{CEAC5E76-11C7-863A-22DF-35676503A572}.Debug|Any CPU.Build.0 = Debug|Any CPU
		{CEAC5E76-11C7-863A-22DF-35676503A572}.Release|Any CPU.ActiveCfg = Release|Any CPU
		{CEAC5E76-11C7-863A-22DF-35676503A572}.Release|Any CPU.Build.0 = Release|Any CPU
		{7E912038-8037-2483-4819-1DB61E4CF39E}.Debug|Any CPU.ActiveCfg = Debug|Any CPU
		{7E912038-8037-2483-4819-1DB61E4CF39E}.Debug|Any CPU.Build.0 = Debug|Any CPU
		{7E912038-8037-2483-4819-1DB61E4CF39E}.Release|Any CPU.ActiveCfg = Release|Any CPU
		{7E912038-8037-2483-4819-1DB61E4CF39E}.Release|Any CPU.Build.0 = Release|Any CPU
		{8A40D85D-C066-563C-3761-F8280DF29685}.Debug|Any CPU.ActiveCfg = Debug|Any CPU
		{8A40D85D-C066-563C-3761-F8280DF29685}.Debug|Any CPU.Build.0 = Debug|Any CPU
		{8A40D85D-C066-563C-3761-F8280DF29685}.Release|Any CPU.ActiveCfg = Release|Any CPU
		{8A40D85D-C066-563C-3761-F8280DF29685}.Release|Any CPU.Build.0 = Release|Any CPU
	EndGlobalSection
	GlobalSection(SolutionProperties) = preSolution
		HideSolutionNode = FALSE
	EndGlobalSection
EndGlobal
